
Microsoft Visual Studio Solution File, Format Version 12.00
# Visual Studio Version 17
VisualStudioVersion = 17.4.33213.308
MinimumVisualStudioVersion = 10.0.40219.1
Project("{9A19103F-16F7-4668-BE54-9A1E7A4F7556}") = "Calculator", "Calculator\Calculator.csproj", "{5F37F89B-FC58-44DB-9887-BE2FF642F1AD}"
EndProject
Project("{9A19103F-16F7-4668-BE54-9A1E7A4F7556}") = "testCalculator.Test.Unit", "Calculator.Test.Unit\testCalculator.Test.Unit.csproj", "{3CB2A81D-56D0-4608-8C5F-F98FABC8637F}"
EndProject
Global
	GlobalSection(SolutionConfigurationPlatforms) = preSolution
		Debug|Any CPU = Debug|Any CPU
		Release|Any CPU = Release|Any CPU
	EndGlobalSection
	GlobalSection(ProjectConfigurationPlatforms) = postSolution
		{5F37F89B-FC58-44DB-9887-BE2FF642F1AD}.Debug|Any CPU.ActiveCfg = Debug|Any CPU
		{5F37F89B-FC58-44DB-9887-BE2FF642F1AD}.Debug|Any CPU.Build.0 = Debug|Any CPU
		{5F37F89B-FC58-44DB-9887-BE2FF642F1AD}.Release|Any CPU.ActiveCfg = Release|Any CPU
		{5F37F89B-FC58-44DB-9887-BE2FF642F1AD}.Release|Any CPU.Build.0 = Release|Any CPU
		{3CB2A81D-56D0-4608-8C5F-F98FABC8637F}.Debug|Any CPU.ActiveCfg = Debug|Any CPU
		{3CB2A81D-56D0-4608-8C5F-F98FABC8637F}.Debug|Any CPU.Build.0 = Debug|Any CPU
		{3CB2A81D-56D0-4608-8C5F-F98FABC8637F}.Release|Any CPU.ActiveCfg = Release|Any CPU
		{3CB2A81D-56D0-4608-8C5F-F98FABC8637F}.Release|Any CPU.Build.0 = Release|Any CPU
	EndGlobalSection
	GlobalSection(SolutionProperties) = preSolution
		HideSolutionNode = FALSE
	EndGlobalSection
	GlobalSection(ExtensibilityGlobals) = postSolution
		SolutionGuid = {12463193-99D8-4AF1-A197-208B7B222AEC}
	EndGlobalSection
EndGlobal
